// !$*UTF8*$!
{
	archiveVersion = 1;
	classes = {
	};
	objectVersion = 55;
	objects = {

/* Begin PBXBuildFile section */
		6534ED6228CCF30B00B0444F /* AppDelegate.swift in Sources */ = {isa = PBXBuildFile; fileRef = 6534ED6128CCF30B00B0444F /* AppDelegate.swift */; };
		6534ED6428CCF30B00B0444F /* SceneDelegate.swift in Sources */ = {isa = PBXBuildFile; fileRef = 6534ED6328CCF30B00B0444F /* SceneDelegate.swift */; };
		6534ED6628CCF30B00B0444F /* ViewController.swift in Sources */ = {isa = PBXBuildFile; fileRef = 6534ED6528CCF30B00B0444F /* ViewController.swift */; };
		6534ED6928CCF30B00B0444F /* Main.storyboard in Resources */ = {isa = PBXBuildFile; fileRef = 6534ED6728CCF30B00B0444F /* Main.storyboard */; };
		6534ED6C28CCF30B00B0444F /* iOSDemo.xcdatamodeld in Sources */ = {isa = PBXBuildFile; fileRef = 6534ED6A28CCF30B00B0444F /* iOSDemo.xcdatamodeld */; };
		6534ED6E28CCF30B00B0444F /* Assets.xcassets in Resources */ = {isa = PBXBuildFile; fileRef = 6534ED6D28CCF30B00B0444F /* Assets.xcassets */; };
		6534ED7128CCF30B00B0444F /* LaunchScreen.storyboard in Resources */ = {isa = PBXBuildFile; fileRef = 6534ED6F28CCF30B00B0444F /* LaunchScreen.storyboard */; };
		6534ED7C28CCF30B00B0444F /* iOSDemoTests.swift in Sources */ = {isa = PBXBuildFile; fileRef = 6534ED7B28CCF30B00B0444F /* iOSDemoTests.swift */; };
		6534ED8628CCF30B00B0444F /* iOSDemoUITests.swift in Sources */ = {isa = PBXBuildFile; fileRef = 6534ED8528CCF30B00B0444F /* iOSDemoUITests.swift */; };
		6534ED8828CCF30B00B0444F /* iOSDemoUITestsLaunchTests.swift in Sources */ = {isa = PBXBuildFile; fileRef = 6534ED8728CCF30B00B0444F /* iOSDemoUITestsLaunchTests.swift */; };
/* End PBXBuildFile section */

/* Begin PBXContainerItemProxy section */
		6534ED7828CCF30B00B0444F /* PBXContainerItemProxy */ = {
			isa = PBXContainerItemProxy;
			containerPortal = 6534ED5628CCF30B00B0444F /* Project object */;
			proxyType = 1;
			remoteGlobalIDString = 6534ED5D28CCF30B00B0444F;
			remoteInfo = iOSDemo;
		};
		6534ED8228CCF30B00B0444F /* PBXContainerItemProxy */ = {
			isa = PBXContainerItemProxy;
			containerPortal = 6534ED5628CCF30B00B0444F /* Project object */;
			proxyType = 1;
			remoteGlobalIDString = 6534ED5D28CCF30B00B0444F;
			remoteInfo = iOSDemo;
		};
/* End PBXContainerItemProxy section */

/* Begin PBXFileReference section */
		6534ED5E28CCF30B00B0444F /* iOSDemo.app */ = {isa = PBXFileReference; explicitFileType = wrapper.application; includeInIndex = 0; path = iOSDemo.app; sourceTree = BUILT_PRODUCTS_DIR; };
		6534ED6128CCF30B00B0444F /* AppDelegate.swift */ = {isa = PBXFileReference; lastKnownFileType = sourcecode.swift; path = AppDelegate.swift; sourceTree = "<group>"; };
		6534ED6328CCF30B00B0444F /* SceneDelegate.swift */ = {isa = PBXFileReference; lastKnownFileType = sourcecode.swift; path = SceneDelegate.swift; sourceTree = "<group>"; };
		6534ED6528CCF30B00B0444F /* ViewController.swift */ = {isa = PBXFileReference; lastKnownFileType = sourcecode.swift; path = ViewController.swift; sourceTree = "<group>"; };
		6534ED6828CCF30B00B0444F /* Base */ = {isa = PBXFileReference; lastKnownFileType = file.storyboard; name = Base; path = Base.lproj/Main.storyboard; sourceTree = "<group>"; };
		6534ED6B28CCF30B00B0444F /* iOSDemo.xcdatamodel */ = {isa = PBXFileReference; lastKnownFileType = wrapper.xcdatamodel; path = iOSDemo.xcdatamodel; sourceTree = "<group>"; };
		6534ED6D28CCF30B00B0444F /* Assets.xcassets */ = {isa = PBXFileReference; lastKnownFileType = folder.assetcatalog; path = Assets.xcassets; sourceTree = "<group>"; };
		6534ED7028CCF30B00B0444F /* Base */ = {isa = PBXFileReference; lastKnownFileType = file.storyboard; name = Base; path = Base.lproj/LaunchScreen.storyboard; sourceTree = "<group>"; };
		6534ED7228CCF30B00B0444F /* Info.plist */ = {isa = PBXFileReference; lastKnownFileType = text.plist.xml; path = Info.plist; sourceTree = "<group>"; };
		6534ED7728CCF30B00B0444F /* iOSDemoTests.xctest */ = {isa = PBXFileReference; explicitFileType = wrapper.cfbundle; includeInIndex = 0; path = iOSDemoTests.xctest; sourceTree = BUILT_PRODUCTS_DIR; };
		6534ED7B28CCF30B00B0444F /* iOSDemoTests.swift */ = {isa = PBXFileReference; lastKnownFileType = sourcecode.swift; path = iOSDemoTests.swift; sourceTree = "<group>"; };
		6534ED8128CCF30B00B0444F /* iOSDemoUITests.xctest */ = {isa = PBXFileReference; explicitFileType = wrapper.cfbundle; includeInIndex = 0; path = iOSDemoUITests.xctest; sourceTree = BUILT_PRODUCTS_DIR; };
		6534ED8528CCF30B00B0444F /* iOSDemoUITests.swift */ = {isa = PBXFileReference; lastKnownFileType = sourcecode.swift; path = iOSDemoUITests.swift; sourceTree = "<group>"; };
		6534ED8728CCF30B00B0444F /* iOSDemoUITestsLaunchTests.swift */ = {isa = PBXFileReference; lastKnownFileType = sourcecode.swift; path = iOSDemoUITestsLaunchTests.swift; sourceTree = "<group>"; };
/* End PBXFileReference section */

/* Begin PBXFrameworksBuildPhase section */
		6534ED5B28CCF30B00B0444F /* Frameworks */ = {
			isa = PBXFrameworksBuildPhase;
			buildActionMask = 2147483647;
			files = (
			);
			runOnlyForDeploymentPostprocessing = 0;
		};
		6534ED7428CCF30B00B0444F /* Frameworks */ = {
			isa = PBXFrameworksBuildPhase;
			buildActionMask = 2147483647;
			files = (
			);
			runOnlyForDeploymentPostprocessing = 0;
		};
		6534ED7E28CCF30B00B0444F /* Frameworks */ = {
			isa = PBXFrameworksBuildPhase;
			buildActionMask = 2147483647;
			files = (
			);
			runOnlyForDeploymentPostprocessing = 0;
		};
/* End PBXFrameworksBuildPhase section */

/* Begin PBXGroup section */
		6534ED5528CCF30B00B0444F = {
			isa = PBXGroup;
			children = (
				6534ED6028CCF30B00B0444F /* iOSDemo */,
				6534ED7A28CCF30B00B0444F /* iOSDemoTests */,
				6534ED8428CCF30B00B0444F /* iOSDemoUITests */,
				6534ED5F28CCF30B00B0444F /* Products */,
			);
			sourceTree = "<group>";
		};
		6534ED5F28CCF30B00B0444F /* Products */ = {
			isa = PBXGroup;
			children = (
				6534ED5E28CCF30B00B0444F /* iOSDemo.app */,
				6534ED7728CCF30B00B0444F /* iOSDemoTests.xctest */,
				6534ED8128CCF30B00B0444F /* iOSDemoUITests.xctest */,
			);
			name = Products;
			sourceTree = "<group>";
		};
		6534ED6028CCF30B00B0444F /* iOSDemo */ = {
			isa = PBXGroup;
			children = (
				6534ED6128CCF30B00B0444F /* AppDelegate.swift */,
				6534ED6328CCF30B00B0444F /* SceneDelegate.swift */,
				6534ED6528CCF30B00B0444F /* ViewController.swift */,
				6534ED6728CCF30B00B0444F /* Main.storyboard */,
				6534ED6D28CCF30B00B0444F /* Assets.xcassets */,
				6534ED6F28CCF30B00B0444F /* LaunchScreen.storyboard */,
				6534ED7228CCF30B00B0444F /* Info.plist */,
				6534ED6A28CCF30B00B0444F /* iOSDemo.xcdatamodeld */,
			);
			path = iOSDemo;
			sourceTree = "<group>";
		};
		6534ED7A28CCF30B00B0444F /* iOSDemoTests */ = {
			isa = PBXGroup;
			children = (
				6534ED7B28CCF30B00B0444F /* iOSDemoTests.swift */,
			);
			path = iOSDemoTests;
			sourceTree = "<group>";
		};
		6534ED8428CCF30B00B0444F /* iOSDemoUITests */ = {
			isa = PBXGroup;
			children = (
				6534ED8528CCF30B00B0444F /* iOSDemoUITests.swift */,
				6534ED8728CCF30B00B0444F /* iOSDemoUITestsLaunchTests.swift */,
			);
			path = iOSDemoUITests;
			sourceTree = "<group>";
		};
/* End PBXGroup section */

/* Begin PBXNativeTarget section */
		6534ED5D28CCF30B00B0444F /* iOSDemo */ = {
			isa = PBXNativeTarget;
			buildConfigurationList = 6534ED8B28CCF30B00B0444F /* Build configuration list for PBXNativeTarget "iOSDemo" */;
			buildPhases = (
				6534ED5A28CCF30B00B0444F /* Sources */,
				6534ED5B28CCF30B00B0444F /* Frameworks */,
				6534ED5C28CCF30B00B0444F /* Resources */,
			);
			buildRules = (
			);
			dependencies = (
			);
			name = iOSDemo;
			productName = iOSDemo;
			productReference = 6534ED5E28CCF30B00B0444F /* iOSDemo.app */;
			productType = "com.apple.product-type.application";
		};
		6534ED7628CCF30B00B0444F /* iOSDemoTests */ = {
			isa = PBXNativeTarget;
			buildConfigurationList = 6534ED8E28CCF30B00B0444F /* Build configuration list for PBXNativeTarget "iOSDemoTests" */;
			buildPhases = (
				6534ED7328CCF30B00B0444F /* Sources */,
				6534ED7428CCF30B00B0444F /* Frameworks */,
				6534ED7528CCF30B00B0444F /* Resources */,
			);
			buildRules = (
			);
			dependencies = (
				6534ED7928CCF30B00B0444F /* PBXTargetDependency */,
			);
			name = iOSDemoTests;
			productName = iOSDemoTests;
			productReference = 6534ED7728CCF30B00B0444F /* iOSDemoTests.xctest */;
			productType = "com.apple.product-type.bundle.unit-test";
		};
		6534ED8028CCF30B00B0444F /* iOSDemoUITests */ = {
			isa = PBXNativeTarget;
			buildConfigurationList = 6534ED9128CCF30B00B0444F /* Build configuration list for PBXNativeTarget "iOSDemoUITests" */;
			buildPhases = (
				6534ED7D28CCF30B00B0444F /* Sources */,
				6534ED7E28CCF30B00B0444F /* Frameworks */,
				6534ED7F28CCF30B00B0444F /* Resources */,
			);
			buildRules = (
			);
			dependencies = (
				6534ED8328CCF30B00B0444F /* PBXTargetDependency */,
			);
			name = iOSDemoUITests;
			productName = iOSDemoUITests;
			productReference = 6534ED8128CCF30B00B0444F /* iOSDemoUITests.xctest */;
			productType = "com.apple.product-type.bundle.ui-testing";
		};
/* End PBXNativeTarget section */

/* Begin PBXProject section */
		6534ED5628CCF30B00B0444F /* Project object */ = {
			isa = PBXProject;
			attributes = {
				BuildIndependentTargetsInParallel = 1;
				LastSwiftUpdateCheck = 1340;
				LastUpgradeCheck = 1340;
				TargetAttributes = {
					6534ED5D28CCF30B00B0444F = {
						CreatedOnToolsVersion = 13.4.1;
					};
					6534ED7628CCF30B00B0444F = {
						CreatedOnToolsVersion = 13.4.1;
						TestTargetID = 6534ED5D28CCF30B00B0444F;
					};
					6534ED8028CCF30B00B0444F = {
						CreatedOnToolsVersion = 13.4.1;
						TestTargetID = 6534ED5D28CCF30B00B0444F;
					};
				};
			};
			buildConfigurationList = 6534ED5928CCF30B00B0444F /* Build configuration list for PBXProject "iOSDemo" */;
			compatibilityVersion = "Xcode 13.0";
			developmentRegion = en;
			hasScannedForEncodings = 0;
			knownRegions = (
				en,
				Base,
			);
			mainGroup = 6534ED5528CCF30B00B0444F;
			productRefGroup = 6534ED5F28CCF30B00B0444F /* Products */;
			projectDirPath = "";
			projectRoot = "";
			targets = (
				6534ED5D28CCF30B00B0444F /* iOSDemo */,
				6534ED7628CCF30B00B0444F /* iOSDemoTests */,
				6534ED8028CCF30B00B0444F /* iOSDemoUITests */,
			);
		};
/* End PBXProject section */

/* Begin PBXResourcesBuildPhase section */
		6534ED5C28CCF30B00B0444F /* Resources */ = {
			isa = PBXResourcesBuildPhase;
			buildActionMask = 2147483647;
			files = (
				6534ED7128CCF30B00B0444F /* LaunchScreen.storyboard in Resources */,
				6534ED6E28CCF30B00B0444F /* Assets.xcassets in Resources */,
				6534ED6928CCF30B00B0444F /* Main.storyboard in Resources */,
			);
			runOnlyForDeploymentPostprocessing = 0;
		};
		6534ED7528CCF30B00B0444F /* Resources */ = {
			isa = PBXResourcesBuildPhase;
			buildActionMask = 2147483647;
			files = (
			);
			runOnlyForDeploymentPostprocessing = 0;
		};
		6534ED7F28CCF30B00B0444F /* Resources */ = {
			isa = PBXResourcesBuildPhase;
			buildActionMask = 2147483647;
			files = (
			);
			runOnlyForDeploymentPostprocessing = 0;
		};
/* End PBXResourcesBuildPhase section */

/* Begin PBXSourcesBuildPhase section */
		6534ED5A28CCF30B00B0444F /* Sources */ = {
			isa = PBXSourcesBuildPhase;
			buildActionMask = 2147483647;
			files = (
				6534ED6C28CCF30B00B0444F /* iOSDemo.xcdatamodeld in Sources */,
				6534ED6628CCF30B00B0444F /* ViewController.swift in Sources */,
				6534ED6228CCF30B00B0444F /* AppDelegate.swift in Sources */,
				6534ED6428CCF30B00B0444F /* SceneDelegate.swift in Sources */,
			);
			runOnlyForDeploymentPostprocessing = 0;
		};
		6534ED7328CCF30B00B0444F /* Sources */ = {
			isa = PBXSourcesBuildPhase;
			buildActionMask = 2147483647;
			files = (
				6534ED7C28CCF30B00B0444F /* iOSDemoTests.swift in Sources */,
			);
			runOnlyForDeploymentPostprocessing = 0;
		};
		6534ED7D28CCF30B00B0444F /* Sources */ = {
			isa = PBXSourcesBuildPhase;
			buildActionMask = 2147483647;
			files = (
				6534ED8628CCF30B00B0444F /* iOSDemoUITests.swift in Sources */,
				6534ED8828CCF30B00B0444F /* iOSDemoUITestsLaunchTests.swift in Sources */,
			);
			runOnlyForDeploymentPostprocessing = 0;
		};
/* End PBXSourcesBuildPhase section */

/* Begin PBXTargetDependency section */
		6534ED7928CCF30B00B0444F /* PBXTargetDependency */ = {
			isa = PBXTargetDependency;
			target = 6534ED5D28CCF30B00B0444F /* iOSDemo */;
			targetProxy = 6534ED7828CCF30B00B0444F /* PBXContainerItemProxy */;
		};
		6534ED8328CCF30B00B0444F /* PBXTargetDependency */ = {
			isa = PBXTargetDependency;
			target = 6534ED5D28CCF30B00B0444F /* iOSDemo */;
			targetProxy = 6534ED8228CCF30B00B0444F /* PBXContainerItemProxy */;
		};
/* End PBXTargetDependency section */

/* Begin PBXVariantGroup section */
		6534ED6728CCF30B00B0444F /* Main.storyboard */ = {
			isa = PBXVariantGroup;
			children = (
				6534ED6828CCF30B00B0444F /* Base */,
			);
			name = Main.storyboard;
			sourceTree = "<group>";
		};
		6534ED6F28CCF30B00B0444F /* LaunchScreen.storyboard */ = {
			isa = PBXVariantGroup;
			children = (
				6534ED7028CCF30B00B0444F /* Base */,
			);
			name = LaunchScreen.storyboard;
			sourceTree = "<group>";
		};
/* End PBXVariantGroup section */

/* Begin XCBuildConfiguration section */
		6534ED8928CCF30B00B0444F /* Debug */ = {
			isa = XCBuildConfiguration;
			buildSettings = {
				ALWAYS_SEARCH_USER_PATHS = NO;
				CLANG_ANALYZER_NONNULL = YES;
				CLANG_ANALYZER_NUMBER_OBJECT_CONVERSION = YES_AGGRESSIVE;
				CLANG_CXX_LANGUAGE_STANDARD = "gnu++17";
				CLANG_ENABLE_MODULES = YES;
				CLANG_ENABLE_OBJC_ARC = YES;
				CLANG_ENABLE_OBJC_WEAK = YES;
				CLANG_WARN_BLOCK_CAPTURE_AUTORELEASING = YES;
				CLANG_WARN_BOOL_CONVERSION = YES;
				CLANG_WARN_COMMA = YES;
				CLANG_WARN_CONSTANT_CONVERSION = YES;
				CLANG_WARN_DEPRECATED_OBJC_IMPLEMENTATIONS = YES;
				CLANG_WARN_DIRECT_OBJC_ISA_USAGE = YES_ERROR;
				CLANG_WARN_DOCUMENTATION_COMMENTS = YES;
				CLANG_WARN_EMPTY_BODY = YES;
				CLANG_WARN_ENUM_CONVERSION = YES;
				CLANG_WARN_INFINITE_RECURSION = YES;
				CLANG_WARN_INT_CONVERSION = YES;
				CLANG_WARN_NON_LITERAL_NULL_CONVERSION = YES;
				CLANG_WARN_OBJC_IMPLICIT_RETAIN_SELF = YES;
				CLANG_WARN_OBJC_LITERAL_CONVERSION = YES;
				CLANG_WARN_OBJC_ROOT_CLASS = YES_ERROR;
				CLANG_WARN_QUOTED_INCLUDE_IN_FRAMEWORK_HEADER = YES;
				CLANG_WARN_RANGE_LOOP_ANALYSIS = YES;
				CLANG_WARN_STRICT_PROTOTYPES = YES;
				CLANG_WARN_SUSPICIOUS_MOVE = YES;
				CLANG_WARN_UNGUARDED_AVAILABILITY = YES_AGGRESSIVE;
				CLANG_WARN_UNREACHABLE_CODE = YES;
				CLANG_WARN__DUPLICATE_METHOD_MATCH = YES;
				COPY_PHASE_STRIP = NO;
				DEBUG_INFORMATION_FORMAT = dwarf;
				ENABLE_STRICT_OBJC_MSGSEND = YES;
				ENABLE_TESTABILITY = YES;
				GCC_C_LANGUAGE_STANDARD = gnu11;
				GCC_DYNAMIC_NO_PIC = NO;
				GCC_NO_COMMON_BLOCKS = YES;
				GCC_OPTIMIZATION_LEVEL = 0;
				GCC_PREPROCESSOR_DEFINITIONS = (
					"DEBUG=1",
					"$(inherited)",
				);
				GCC_WARN_64_TO_32_BIT_CONVERSION = YES;
				GCC_WARN_ABOUT_RETURN_TYPE = YES_ERROR;
				GCC_WARN_UNDECLARED_SELECTOR = YES;
				GCC_WARN_UNINITIALIZED_AUTOS = YES_AGGRESSIVE;
				GCC_WARN_UNUSED_FUNCTION = YES;
				GCC_WARN_UNUSED_VARIABLE = YES;
				IPHONEOS_DEPLOYMENT_TARGET = 15.5;
				MTL_ENABLE_DEBUG_INFO = INCLUDE_SOURCE;
				MTL_FAST_MATH = YES;
				ONLY_ACTIVE_ARCH = YES;
				SDKROOT = iphoneos;
				SWIFT_ACTIVE_COMPILATION_CONDITIONS = DEBUG;
				SWIFT_OPTIMIZATION_LEVEL = "-Onone";
			};
			name = Debug;
		};
		6534ED8A28CCF30B00B0444F /* Release */ = {
			isa = XCBuildConfiguration;
			buildSettings = {
				ALWAYS_SEARCH_USER_PATHS = NO;
				CLANG_ANALYZER_NONNULL = YES;
				CLANG_ANALYZER_NUMBER_OBJECT_CONVERSION = YES_AGGRESSIVE;
				CLANG_CXX_LANGUAGE_STANDARD = "gnu++17";
				CLANG_ENABLE_MODULES = YES;
				CLANG_ENABLE_OBJC_ARC = YES;
				CLANG_ENABLE_OBJC_WEAK = YES;
				CLANG_WARN_BLOCK_CAPTURE_AUTORELEASING = YES;
				CLANG_WARN_BOOL_CONVERSION = YES;
				CLANG_WARN_COMMA = YES;
				CLANG_WARN_CONSTANT_CONVERSION = YES;
				CLANG_WARN_DEPRECATED_OBJC_IMPLEMENTATIONS = YES;
				CLANG_WARN_DIRECT_OBJC_ISA_USAGE = YES_ERROR;
				CLANG_WARN_DOCUMENTATION_COMMENTS = YES;
				CLANG_WARN_EMPTY_BODY = YES;
				CLANG_WARN_ENUM_CONVERSION = YES;
				CLANG_WARN_INFINITE_RECURSION = YES;
				CLANG_WARN_INT_CONVERSION = YES;
				CLANG_WARN_NON_LITERAL_NULL_CONVERSION = YES;
				CLANG_WARN_OBJC_IMPLICIT_RETAIN_SELF = YES;
				CLANG_WARN_OBJC_LITERAL_CONVERSION = YES;
				CLANG_WARN_OBJC_ROOT_CLASS = YES_ERROR;
				CLANG_WARN_QUOTED_INCLUDE_IN_FRAMEWORK_HEADER = YES;
				CLANG_WARN_RANGE_LOOP_ANALYSIS = YES;
				CLANG_WARN_STRICT_PROTOTYPES = YES;
				CLANG_WARN_SUSPICIOUS_MOVE = YES;
				CLANG_WARN_UNGUARDED_AVAILABILITY = YES_AGGRESSIVE;
				CLANG_WARN_UNREACHABLE_CODE = YES;
				CLANG_WARN__DUPLICATE_METHOD_MATCH = YES;
				COPY_PHASE_STRIP = NO;
				DEBUG_INFORMATION_FORMAT = "dwarf-with-dsym";
				ENABLE_NS_ASSERTIONS = NO;
				ENABLE_STRICT_OBJC_MSGSEND = YES;
				GCC_C_LANGUAGE_STANDARD = gnu11;
				GCC_NO_COMMON_BLOCKS = YES;
				GCC_WARN_64_TO_32_BIT_CONVERSION = YES;
				GCC_WARN_ABOUT_RETURN_TYPE = YES_ERROR;
				GCC_WARN_UNDECLARED_SELECTOR = YES;
				GCC_WARN_UNINITIALIZED_AUTOS = YES_AGGRESSIVE;
				GCC_WARN_UNUSED_FUNCTION = YES;
				GCC_WARN_UNUSED_VARIABLE = YES;
				IPHONEOS_DEPLOYMENT_TARGET = 15.5;
				MTL_ENABLE_DEBUG_INFO = NO;
				MTL_FAST_MATH = YES;
				SDKROOT = iphoneos;
				SWIFT_COMPILATION_MODE = wholemodule;
				SWIFT_OPTIMIZATION_LEVEL = "-O";
				VALIDATE_PRODUCT = YES;
			};
			name = Release;
		};
		6534ED8C28CCF30B00B0444F /* Debug */ = {
			isa = XCBuildConfiguration;
			buildSettings = {
				ASSETCATALOG_COMPILER_APPICON_NAME = AppIcon;
				ASSETCATALOG_COMPILER_GLOBAL_ACCENT_COLOR_NAME = AccentColor;
				CODE_SIGN_STYLE = Automatic;
				CURRENT_PROJECT_VERSION = 1;
				GENERATE_INFOPLIST_FILE = YES;
				INFOPLIST_FILE = iOSDemo/Info.plist;
				INFOPLIST_KEY_UIApplicationSupportsIndirectInputEvents = YES;
				INFOPLIST_KEY_UILaunchStoryboardName = LaunchScreen;
				INFOPLIST_KEY_UIMainStoryboardFile = Main;
				INFOPLIST_KEY_UISupportedInterfaceOrientations_iPad = "UIInterfaceOrientationPortrait UIInterfaceOrientationPortraitUpsideDown UIInterfaceOrientationLandscapeLeft UIInterfaceOrientationLandscapeRight";
				INFOPLIST_KEY_UISupportedInterfaceOrientations_iPhone = "UIInterfaceOrientationPortrait UIInterfaceOrientationLandscapeLeft UIInterfaceOrientationLandscapeRight";
				LD_RUNPATH_SEARCH_PATHS = (
					"$(inherited)",
					"@executable_path/Frameworks",
				);
				MARKETING_VERSION = 1.0;
				PRODUCT_BUNDLE_IDENTIFIER = Prerna.iOSDemo;
				PRODUCT_NAME = "$(TARGET_NAME)";
				SWIFT_EMIT_LOC_STRINGS = YES;
				SWIFT_VERSION = 5.0;
				TARGETED_DEVICE_FAMILY = "1,2";
			};
			name = Debug;
		};
		6534ED8D28CCF30B00B0444F /* Release */ = {
			isa = XCBuildConfiguration;
			buildSettings = {
				ASSETCATALOG_COMPILER_APPICON_NAME = AppIcon;
				ASSETCATALOG_COMPILER_GLOBAL_ACCENT_COLOR_NAME = AccentColor;
				CODE_SIGN_STYLE = Automatic;
				CURRENT_PROJECT_VERSION = 1;
				GENERATE_INFOPLIST_FILE = YES;
				INFOPLIST_FILE = iOSDemo/Info.plist;
				INFOPLIST_KEY_UIApplicationSupportsIndirectInputEvents = YES;
				INFOPLIST_KEY_UILaunchStoryboardName = LaunchScreen;
				INFOPLIST_KEY_UIMainStoryboardFile = Main;
				INFOPLIST_KEY_UISupportedInterfaceOrientations_iPad = "UIInterfaceOrientationPortrait UIInterfaceOrientationPortraitUpsideDown UIInterfaceOrientationLandscapeLeft UIInterfaceOrientationLandscapeRight";
				INFOPLIST_KEY_UISupportedInterfaceOrientations_iPhone = "UIInterfaceOrientationPortrait UIInterfaceOrientationLandscapeLeft UIInterfaceOrientationLandscapeRight";
				LD_RUNPATH_SEARCH_PATHS = (
					"$(inherited)",
					"@executable_path/Frameworks",
				);
				MARKETING_VERSION = 1.0;
				PRODUCT_BUNDLE_IDENTIFIER = Prerna.iOSDemo;
				PRODUCT_NAME = "$(TARGET_NAME)";
				SWIFT_EMIT_LOC_STRINGS = YES;
				SWIFT_VERSION = 5.0;
				TARGETED_DEVICE_FAMILY = "1,2";
			};
			name = Release;
		};
		6534ED8F28CCF30B00B0444F /* Debug */ = {
			isa = XCBuildConfiguration;
			buildSettings = {
				ALWAYS_EMBED_SWIFT_STANDARD_LIBRARIES = YES;
				BUNDLE_LOADER = "$(TEST_HOST)";
				CODE_SIGN_STYLE = Automatic;
				CURRENT_PROJECT_VERSION = 1;
				GENERATE_INFOPLIST_FILE = YES;
				IPHONEOS_DEPLOYMENT_TARGET = 15.5;
				MARKETING_VERSION = 1.0;
				PRODUCT_BUNDLE_IDENTIFIER = Prerna.iOSDemoTests;
				PRODUCT_NAME = "$(TARGET_NAME)";
				SWIFT_EMIT_LOC_STRINGS = NO;
				SWIFT_VERSION = 5.0;
				TARGETED_DEVICE_FAMILY = "1,2";
				TEST_HOST = "$(BUILT_PRODUCTS_DIR)/iOSDemo.app/iOSDemo";
			};
			name = Debug;
		};
		6534ED9028CCF30B00B0444F /* Release */ = {
			isa = XCBuildConfiguration;
			buildSettings = {
				ALWAYS_EMBED_SWIFT_STANDARD_LIBRARIES = YES;
				BUNDLE_LOADER = "$(TEST_HOST)";
				CODE_SIGN_STYLE = Automatic;
				CURRENT_PROJECT_VERSION = 1;
				GENERATE_INFOPLIST_FILE = YES;
				IPHONEOS_DEPLOYMENT_TARGET = 15.5;
				MARKETING_VERSION = 1.0;
				PRODUCT_BUNDLE_IDENTIFIER = Prerna.iOSDemoTests;
				PRODUCT_NAME = "$(TARGET_NAME)";
				SWIFT_EMIT_LOC_STRINGS = NO;
				SWIFT_VERSION = 5.0;
				TARGETED_DEVICE_FAMILY = "1,2";
				TEST_HOST = "$(BUILT_PRODUCTS_DIR)/iOSDemo.app/iOSDemo";
			};
			name = Release;
		};
		6534ED9228CCF30B00B0444F /* Debug */ = {
			isa = XCBuildConfiguration;
			buildSettings = {
				ALWAYS_EMBED_SWIFT_STANDARD_LIBRARIES = YES;
				CODE_SIGN_STYLE = Automatic;
				CURRENT_PROJECT_VERSION = 1;
				GENERATE_INFOPLIST_FILE = YES;
				MARKETING_VERSION = 1.0;
				PRODUCT_BUNDLE_IDENTIFIER = Prerna.iOSDemoUITests;
				PRODUCT_NAME = "$(TARGET_NAME)";
				SWIFT_EMIT_LOC_STRINGS = NO;
				SWIFT_VERSION = 5.0;
				TARGETED_DEVICE_FAMILY = "1,2";
				TEST_TARGET_NAME = iOSDemo;
			};
			name = Debug;
		};
		6534ED9328CCF30B00B0444F /* Release */ = {
			isa = XCBuildConfiguration;
			buildSettings = {
				ALWAYS_EMBED_SWIFT_STANDARD_LIBRARIES = YES;
				CODE_SIGN_STYLE = Automatic;
				CURRENT_PROJECT_VERSION = 1;
				GENERATE_INFOPLIST_FILE = YES;
				MARKETING_VERSION = 1.0;
				PRODUCT_BUNDLE_IDENTIFIER = Prerna.iOSDemoUITests;
				PRODUCT_NAME = "$(TARGET_NAME)";
				SWIFT_EMIT_LOC_STRINGS = NO;
				SWIFT_VERSION = 5.0;
				TARGETED_DEVICE_FAMILY = "1,2";
				TEST_TARGET_NAME = iOSDemo;
			};
			name = Release;
		};
/* End XCBuildConfiguration section */

/* Begin XCConfigurationList section */
		6534ED5928CCF30B00B0444F /* Build configuration list for PBXProject "iOSDemo" */ = {
			isa = XCConfigurationList;
			buildConfigurations = (
				6534ED8928CCF30B00B0444F /* Debug */,
				6534ED8A28CCF30B00B0444F /* Release */,
			);
			defaultConfigurationIsVisible = 0;
			defaultConfigurationName = Release;
		};
		6534ED8B28CCF30B00B0444F /* Build configuration list for PBXNativeTarget "iOSDemo" */ = {
			isa = XCConfigurationList;
			buildConfigurations = (
				6534ED8C28CCF30B00B0444F /* Debug */,
				6534ED8D28CCF30B00B0444F /* Release */,
			);
			defaultConfigurationIsVisible = 0;
			defaultConfigurationName = Release;
		};
		6534ED8E28CCF30B00B0444F /* Build configuration list for PBXNativeTarget "iOSDemoTests" */ = {
			isa = XCConfigurationList;
			buildConfigurations = (
				6534ED8F28CCF30B00B0444F /* Debug */,
				6534ED9028CCF30B00B0444F /* Release */,
			);
			defaultConfigurationIsVisible = 0;
			defaultConfigurationName = Release;
		};
		6534ED9128CCF30B00B0444F /* Build configuration list for PBXNativeTarget "iOSDemoUITests" */ = {
			isa = XCConfigurationList;
			buildConfigurations = (
				6534ED9228CCF30B00B0444F /* Debug */,
				6534ED9328CCF30B00B0444F /* Release */,
			);
			defaultConfigurationIsVisible = 0;
			defaultConfigurationName = Release;
		};
/* End XCConfigurationList section */

/* Begin XCVersionGroup section */
		6534ED6A28CCF30B00B0444F /* iOSDemo.xcdatamodeld */ = {
			isa = XCVersionGroup;
			children = (
				6534ED6B28CCF30B00B0444F /* iOSDemo.xcdatamodel */,
			);
			currentVersion = 6534ED6B28CCF30B00B0444F /* iOSDemo.xcdatamodel */;
			path = iOSDemo.xcdatamodeld;
			sourceTree = "<group>";
			versionGroupType = wrapper.xcdatamodel;
		};
/* End XCVersionGroup section */
	};
	rootObject = 6534ED5628CCF30B00B0444F /* Project object */;
}
